
Microsoft Visual Studio Solution File, Format Version 12.00
# Visual Studio 14
VisualStudioVersion = 14.0.25420.1
MinimumVisualStudioVersion = 10.0.40219.1
Project("{FAE04EC0-301F-11D3-BF4B-00C04F79EFBC}") = "RegistroActividadesDocentes.Droid", "RegistroActividadesDocentes\RegistroActividadesDocentes.Droid\RegistroActividadesDocentes.Droid.csproj", "{F786EB28-AFE8-47A7-89DE-97BB2BEC02FD}"
EndProject
Project("{FAE04EC0-301F-11D3-BF4B-00C04F79EFBC}") = "RegistroActividadesDocentes.iOS", "RegistroActividadesDocentes\RegistroActividadesDocentes.iOS\RegistroActividadesDocentes.iOS.csproj", "{3E8C8AC3-4885-4208-B6A3-B4455F8E4ABD}"
EndProject
Project("{FAE04EC0-301F-11D3-BF4B-00C04F79EFBC}") = "RegistroActividadesDocentes.WinPhone", "RegistroActividadesDocentes\RegistroActividadesDocentes.WinPhone\RegistroActividadesDocentes.WinPhone.csproj", "{815ED493-A6C3-4862-BE08-AE365283FD3C}"
EndProject
Project("{FAE04EC0-301F-11D3-BF4B-00C04F79EFBC}") = "RegistroActividadesDocentes.UWP", "RegistroActividadesDocentes\RegistroActividadesDocentes.UWP\RegistroActividadesDocentes.UWP.csproj", "{9C245712-5700-4C11-A0A5-7490E7039509}"
EndProject
Project("{FAE04EC0-301F-11D3-BF4B-00C04F79EFBC}") = "RegistroActividadesDocentes.Windows", "RegistroActividadesDocentes\RegistroActividadesDocentes.Windows\RegistroActividadesDocentes.Windows.csproj", "{E3C1F19E-F3FD-4B13-B1EF-8BBE07568EEC}"
EndProject
Project("{FAE04EC0-301F-11D3-BF4B-00C04F79EFBC}") = "RegistroActividadesDocentes", "RegistroActividadesDocentes\RegistroActividadesDocentes\RegistroActividadesDocentes.csproj", "{187218BF-FCF2-418B-B5C5-5F0ECC8F150C}"
EndProject
Global
	GlobalSection(SolutionConfigurationPlatforms) = preSolution
		Ad-Hoc|Any CPU = Ad-Hoc|Any CPU
		Ad-Hoc|ARM = Ad-Hoc|ARM
		Ad-Hoc|iPhone = Ad-Hoc|iPhone
		Ad-Hoc|iPhoneSimulator = Ad-Hoc|iPhoneSimulator
		Ad-Hoc|x64 = Ad-Hoc|x64
		Ad-Hoc|x86 = Ad-Hoc|x86
		AppStore|Any CPU = AppStore|Any CPU
		AppStore|ARM = AppStore|ARM
		AppStore|iPhone = AppStore|iPhone
		AppStore|iPhoneSimulator = AppStore|iPhoneSimulator
		AppStore|x64 = AppStore|x64
		AppStore|x86 = AppStore|x86
		Debug|Any CPU = Debug|Any CPU
		Debug|ARM = Debug|ARM
		Debug|iPhone = Debug|iPhone
		Debug|iPhoneSimulator = Debug|iPhoneSimulator
		Debug|x64 = Debug|x64
		Debug|x86 = Debug|x86
		Release|Any CPU = Release|Any CPU
		Release|ARM = Release|ARM
		Release|iPhone = Release|iPhone
		Release|iPhoneSimulator = Release|iPhoneSimulator
		Release|x64 = Release|x64
		Release|x86 = Release|x86
	EndGlobalSection
	GlobalSection(ProjectConfigurationPlatforms) = postSolution
		{F786EB28-AFE8-47A7-89DE-97BB2BEC02FD}.Ad-Hoc|Any CPU.ActiveCfg = Release|Any CPU
		{F786EB28-AFE8-47A7-89DE-97BB2BEC02FD}.Ad-Hoc|Any CPU.Build.0 = Release|Any CPU
		{F786EB28-AFE8-47A7-89DE-97BB2BEC02FD}.Ad-Hoc|Any CPU.Deploy.0 = Release|Any CPU
		{F786EB28-AFE8-47A7-89DE-97BB2BEC02FD}.Ad-Hoc|ARM.ActiveCfg = Release|Any CPU
		{F786EB28-AFE8-47A7-89DE-97BB2BEC02FD}.Ad-Hoc|ARM.Build.0 = Release|Any CPU
		{F786EB28-AFE8-47A7-89DE-97BB2BEC02FD}.Ad-Hoc|ARM.Deploy.0 = Release|Any CPU
		{F786EB28-AFE8-47A7-89DE-97BB2BEC02FD}.Ad-Hoc|iPhone.ActiveCfg = Release|Any CPU
		{F786EB28-AFE8-47A7-89DE-97BB2BEC02FD}.Ad-Hoc|iPhone.Build.0 = Release|Any CPU
		{F786EB28-AFE8-47A7-89DE-97BB2BEC02FD}.Ad-Hoc|iPhone.Deploy.0 = Release|Any CPU
		{F786EB28-AFE8-47A7-89DE-97BB2BEC02FD}.Ad-Hoc|iPhoneSimulator.ActiveCfg = Release|Any CPU
		{F786EB28-AFE8-47A7-89DE-97BB2BEC02FD}.Ad-Hoc|iPhoneSimulator.Build.0 = Release|Any CPU
		{F786EB28-AFE8-47A7-89DE-97BB2BEC02FD}.Ad-Hoc|iPhoneSimulator.Deploy.0 = Release|Any CPU
		{F786EB28-AFE8-47A7-89DE-97BB2BEC02FD}.Ad-Hoc|x64.ActiveCfg = Release|Any CPU
		{F786EB28-AFE8-47A7-89DE-97BB2BEC02FD}.Ad-Hoc|x64.Build.0 = Release|Any CPU
		{F786EB28-AFE8-47A7-89DE-97BB2BEC02FD}.Ad-Hoc|x64.Deploy.0 = Release|Any CPU
		{F786EB28-AFE8-47A7-89DE-97BB2BEC02FD}.Ad-Hoc|x86.ActiveCfg = Release|Any CPU
		{F786EB28-AFE8-47A7-89DE-97BB2BEC02FD}.Ad-Hoc|x86.Build.0 = Release|Any CPU
		{F786EB28-AFE8-47A7-89DE-97BB2BEC02FD}.Ad-Hoc|x86.Deploy.0 = Release|Any CPU
		{F786EB28-AFE8-47A7-89DE-97BB2BEC02FD}.AppStore|Any CPU.ActiveCfg = Release|Any CPU
		{F786EB28-AFE8-47A7-89DE-97BB2BEC02FD}.AppStore|Any CPU.Build.0 = Release|Any CPU
		{F786EB28-AFE8-47A7-89DE-97BB2BEC02FD}.AppStore|Any CPU.Deploy.0 = Release|Any CPU
		{F786EB28-AFE8-47A7-89DE-97BB2BEC02FD}.AppStore|ARM.ActiveCfg = Release|Any CPU
		{F786EB28-AFE8-47A7-89DE-97BB2BEC02FD}.AppStore|ARM.Build.0 = Release|Any CPU
		{F786EB28-AFE8-47A7-89DE-97BB2BEC02FD}.AppStore|ARM.Deploy.0 = Release|Any CPU
		{F786EB28-AFE8-47A7-89DE-97BB2BEC02FD}.AppStore|iPhone.ActiveCfg = Release|Any CPU
		{F786EB28-AFE8-47A7-89DE-97BB2BEC02FD}.AppStore|iPhone.Build.0 = Release|Any CPU
		{F786EB28-AFE8-47A7-89DE-97BB2BEC02FD}.AppStore|iPhone.Deploy.0 = Release|Any CPU
		{F786EB28-AFE8-47A7-89DE-97BB2BEC02FD}.AppStore|iPhoneSimulator.ActiveCfg = Release|Any CPU
		{F786EB28-AFE8-47A7-89DE-97BB2BEC02FD}.AppStore|iPhoneSimulator.Build.0 = Release|Any CPU
		{F786EB28-AFE8-47A7-89DE-97BB2BEC02FD}.AppStore|iPhoneSimulator.Deploy.0 = Release|Any CPU
		{F786EB28-AFE8-47A7-89DE-97BB2BEC02FD}.AppStore|x64.ActiveCfg = Release|Any CPU
		{F786EB28-AFE8-47A7-89DE-97BB2BEC02FD}.AppStore|x64.Build.0 = Release|Any CPU
		{F786EB28-AFE8-47A7-89DE-97BB2BEC02FD}.AppStore|x64.Deploy.0 = Release|Any CPU
		{F786EB28-AFE8-47A7-89DE-97BB2BEC02FD}.AppStore|x86.ActiveCfg = Release|Any CPU
		{F786EB28-AFE8-47A7-89DE-97BB2BEC02FD}.AppStore|x86.Build.0 = Release|Any CPU
		{F786EB28-AFE8-47A7-89DE-97BB2BEC02FD}.AppStore|x86.Deploy.0 = Release|Any CPU
		{F786EB28-AFE8-47A7-89DE-97BB2BEC02FD}.Debug|Any CPU.ActiveCfg = Debug|Any CPU
		{F786EB28-AFE8-47A7-89DE-97BB2BEC02FD}.Debug|Any CPU.Build.0 = Debug|Any CPU
		{F786EB28-AFE8-47A7-89DE-97BB2BEC02FD}.Debug|Any CPU.Deploy.0 = Debug|Any CPU
		{F786EB28-AFE8-47A7-89DE-97BB2BEC02FD}.Debug|ARM.ActiveCfg = Debug|Any CPU
		{F786EB28-AFE8-47A7-89DE-97BB2BEC02FD}.Debug|ARM.Build.0 = Debug|Any CPU
		{F786EB28-AFE8-47A7-89DE-97BB2BEC02FD}.Debug|ARM.Deploy.0 = Debug|Any CPU
		{F786EB28-AFE8-47A7-89DE-97BB2BEC02FD}.Debug|iPhone.ActiveCfg = Debug|Any CPU
		{F786EB28-AFE8-47A7-89DE-97BB2BEC02FD}.Debug|iPhone.Build.0 = Debug|Any CPU
		{F786EB28-AFE8-47A7-89DE-97BB2BEC02FD}.Debug|iPhone.Deploy.0 = Debug|Any CPU
		{F786EB28-AFE8-47A7-89DE-97BB2BEC02FD}.Debug|iPhoneSimulator.ActiveCfg = Debug|Any CPU
		{F786EB28-AFE8-47A7-89DE-97BB2BEC02FD}.Debug|iPhoneSimulator.Build.0 = Debug|Any CPU
		{F786EB28-AFE8-47A7-89DE-97BB2BEC02FD}.Debug|iPhoneSimulator.Deploy.0 = Debug|Any CPU
		{F786EB28-AFE8-47A7-89DE-97BB2BEC02FD}.Debug|x64.ActiveCfg = Debug|Any CPU
		{F786EB28-AFE8-47A7-89DE-97BB2BEC02FD}.Debug|x64.Build.0 = Debug|Any CPU
		{F786EB28-AFE8-47A7-89DE-97BB2BEC02FD}.Debug|x64.Deploy.0 = Debug|Any CPU
		{F786EB28-AFE8-47A7-89DE-97BB2BEC02FD}.Debug|x86.ActiveCfg = Debug|Any CPU
		{F786EB28-AFE8-47A7-89DE-97BB2BEC02FD}.Debug|x86.Build.0 = Debug|Any CPU
		{F786EB28-AFE8-47A7-89DE-97BB2BEC02FD}.Debug|x86.Deploy.0 = Debug|Any CPU
		{F786EB28-AFE8-47A7-89DE-97BB2BEC02FD}.Release|Any CPU.ActiveCfg = Release|Any CPU
		{F786EB28-AFE8-47A7-89DE-97BB2BEC02FD}.Release|Any CPU.Build.0 = Release|Any CPU
		{F786EB28-AFE8-47A7-89DE-97BB2BEC02FD}.Release|Any CPU.Deploy.0 = Release|Any CPU
		{F786EB28-AFE8-47A7-89DE-97BB2BEC02FD}.Release|ARM.ActiveCfg = Release|Any CPU
		{F786EB28-AFE8-47A7-89DE-97BB2BEC02FD}.Release|ARM.Build.0 = Release|Any CPU
		{F786EB28-AFE8-47A7-89DE-97BB2BEC02FD}.Release|ARM.Deploy.0 = Release|Any CPU
		{F786EB28-AFE8-47A7-89DE-97BB2BEC02FD}.Release|iPhone.ActiveCfg = Release|Any CPU
		{F786EB28-AFE8-47A7-89DE-97BB2BEC02FD}.Release|iPhone.Build.0 = Release|Any CPU
		{F786EB28-AFE8-47A7-89DE-97BB2BEC02FD}.Release|iPhone.Deploy.0 = Release|Any CPU
		{F786EB28-AFE8-47A7-89DE-97BB2BEC02FD}.Release|iPhoneSimulator.ActiveCfg = Release|Any CPU
		{F786EB28-AFE8-47A7-89DE-97BB2BEC02FD}.Release|iPhoneSimulator.Build.0 = Release|Any CPU
		{F786EB28-AFE8-47A7-89DE-97BB2BEC02FD}.Release|iPhoneSimulator.Deploy.0 = Release|Any CPU
		{F786EB28-AFE8-47A7-89DE-97BB2BEC02FD}.Release|x64.ActiveCfg = Release|Any CPU
		{F786EB28-AFE8-47A7-89DE-97BB2BEC02FD}.Release|x64.Build.0 = Release|Any CPU
		{F786EB28-AFE8-47A7-89DE-97BB2BEC02FD}.Release|x64.Deploy.0 = Release|Any CPU
		{F786EB28-AFE8-47A7-89DE-97BB2BEC02FD}.Release|x86.ActiveCfg = Release|Any CPU
		{F786EB28-AFE8-47A7-89DE-97BB2BEC02FD}.Release|x86.Build.0 = Release|Any CPU
		{F786EB28-AFE8-47A7-89DE-97BB2BEC02FD}.Release|x86.Deploy.0 = Release|Any CPU
		{3E8C8AC3-4885-4208-B6A3-B4455F8E4ABD}.Ad-Hoc|Any CPU.ActiveCfg = Ad-Hoc|iPhone
		{3E8C8AC3-4885-4208-B6A3-B4455F8E4ABD}.Ad-Hoc|ARM.ActiveCfg = Ad-Hoc|iPhone
		{3E8C8AC3-4885-4208-B6A3-B4455F8E4ABD}.Ad-Hoc|iPhone.ActiveCfg = Ad-Hoc|iPhone
		{3E8C8AC3-4885-4208-B6A3-B4455F8E4ABD}.Ad-Hoc|iPhone.Build.0 = Ad-Hoc|iPhone
		{3E8C8AC3-4885-4208-B6A3-B4455F8E4ABD}.Ad-Hoc|iPhoneSimulator.ActiveCfg = Ad-Hoc|iPhoneSimulator
		{3E8C8AC3-4885-4208-B6A3-B4455F8E4ABD}.Ad-Hoc|iPhoneSimulator.Build.0 = Ad-Hoc|iPhoneSimulator
		{3E8C8AC3-4885-4208-B6A3-B4455F8E4ABD}.Ad-Hoc|x64.ActiveCfg = Ad-Hoc|iPhone
		{3E8C8AC3-4885-4208-B6A3-B4455F8E4ABD}.Ad-Hoc|x86.ActiveCfg = Ad-Hoc|iPhone
		{3E8C8AC3-4885-4208-B6A3-B4455F8E4ABD}.AppStore|Any CPU.ActiveCfg = AppStore|iPhone
		{3E8C8AC3-4885-4208-B6A3-B4455F8E4ABD}.AppStore|ARM.ActiveCfg = AppStore|iPhone
		{3E8C8AC3-4885-4208-B6A3-B4455F8E4ABD}.AppStore|iPhone.ActiveCfg = AppStore|iPhone
		{3E8C8AC3-4885-4208-B6A3-B4455F8E4ABD}.AppStore|iPhone.Build.0 = AppStore|iPhone
		{3E8C8AC3-4885-4208-B6A3-B4455F8E4ABD}.AppStore|iPhoneSimulator.ActiveCfg = AppStore|iPhoneSimulator
		{3E8C8AC3-4885-4208-B6A3-B4455F8E4ABD}.AppStore|iPhoneSimulator.Build.0 = AppStore|iPhoneSimulator
		{3E8C8AC3-4885-4208-B6A3-B4455F8E4ABD}.AppStore|x64.ActiveCfg = AppStore|iPhone
		{3E8C8AC3-4885-4208-B6A3-B4455F8E4ABD}.AppStore|x86.ActiveCfg = AppStore|iPhone
		{3E8C8AC3-4885-4208-B6A3-B4455F8E4ABD}.Debug|Any CPU.ActiveCfg = Debug|iPhone
		{3E8C8AC3-4885-4208-B6A3-B4455F8E4ABD}.Debug|ARM.ActiveCfg = Debug|iPhone
		{3E8C8AC3-4885-4208-B6A3-B4455F8E4ABD}.Debug|iPhone.ActiveCfg = Debug|iPhone
		{3E8C8AC3-4885-4208-B6A3-B4455F8E4ABD}.Debug|iPhone.Build.0 = Debug|iPhone
		{3E8C8AC3-4885-4208-B6A3-B4455F8E4ABD}.Debug|iPhoneSimulator.ActiveCfg = Debug|iPhoneSimulator
		{3E8C8AC3-4885-4208-B6A3-B4455F8E4ABD}.Debug|iPhoneSimulator.Build.0 = Debug|iPhoneSimulator
		{3E8C8AC3-4885-4208-B6A3-B4455F8E4ABD}.Debug|x64.ActiveCfg = Debug|iPhone
		{3E8C8AC3-4885-4208-B6A3-B4455F8E4ABD}.Debug|x86.ActiveCfg = Debug|iPhone
		{3E8C8AC3-4885-4208-B6A3-B4455F8E4ABD}.Release|Any CPU.ActiveCfg = Release|iPhone
		{3E8C8AC3-4885-4208-B6A3-B4455F8E4ABD}.Release|ARM.ActiveCfg = Release|iPhone
		{3E8C8AC3-4885-4208-B6A3-B4455F8E4ABD}.Release|iPhone.ActiveCfg = Release|iPhone
		{3E8C8AC3-4885-4208-B6A3-B4455F8E4ABD}.Release|iPhone.Build.0 = Release|iPhone
		{3E8C8AC3-4885-4208-B6A3-B4455F8E4ABD}.Release|iPhoneSimulator.ActiveCfg = Release|iPhoneSimulator
		{3E8C8AC3-4885-4208-B6A3-B4455F8E4ABD}.Release|iPhoneSimulator.Build.0 = Release|iPhoneSimulator
		{3E8C8AC3-4885-4208-B6A3-B4455F8E4ABD}.Release|x64.ActiveCfg = Release|iPhone
		{3E8C8AC3-4885-4208-B6A3-B4455F8E4ABD}.Release|x86.ActiveCfg = Release|iPhone
		{815ED493-A6C3-4862-BE08-AE365283FD3C}.Ad-Hoc|Any CPU.ActiveCfg = Release|Any CPU
		{815ED493-A6C3-4862-BE08-AE365283FD3C}.Ad-Hoc|Any CPU.Build.0 = Release|Any CPU
		{815ED493-A6C3-4862-BE08-AE365283FD3C}.Ad-Hoc|Any CPU.Deploy.0 = Release|Any CPU
		{815ED493-A6C3-4862-BE08-AE365283FD3C}.Ad-Hoc|ARM.ActiveCfg = Release|ARM
		{815ED493-A6C3-4862-BE08-AE365283FD3C}.Ad-Hoc|ARM.Build.0 = Release|ARM
		{815ED493-A6C3-4862-BE08-AE365283FD3C}.Ad-Hoc|ARM.Deploy.0 = Release|ARM
		{815ED493-A6C3-4862-BE08-AE365283FD3C}.Ad-Hoc|iPhone.ActiveCfg = Release|Any CPU
		{815ED493-A6C3-4862-BE08-AE365283FD3C}.Ad-Hoc|iPhone.Build.0 = Release|Any CPU
		{815ED493-A6C3-4862-BE08-AE365283FD3C}.Ad-Hoc|iPhone.Deploy.0 = Release|Any CPU
		{815ED493-A6C3-4862-BE08-AE365283FD3C}.Ad-Hoc|iPhoneSimulator.ActiveCfg = Release|Any CPU
		{815ED493-A6C3-4862-BE08-AE365283FD3C}.Ad-Hoc|iPhoneSimulator.Build.0 = Release|Any CPU
		{815ED493-A6C3-4862-BE08-AE365283FD3C}.Ad-Hoc|iPhoneSimulator.Deploy.0 = Release|Any CPU
		{815ED493-A6C3-4862-BE08-AE365283FD3C}.Ad-Hoc|x64.ActiveCfg = Release|Any CPU
		{815ED493-A6C3-4862-BE08-AE365283FD3C}.Ad-Hoc|x64.Build.0 = Release|Any CPU
		{815ED493-A6C3-4862-BE08-AE365283FD3C}.Ad-Hoc|x64.Deploy.0 = Release|Any CPU
		{815ED493-A6C3-4862-BE08-AE365283FD3C}.Ad-Hoc|x86.ActiveCfg = Release|x86
		{815ED493-A6C3-4862-BE08-AE365283FD3C}.Ad-Hoc|x86.Build.0 = Release|x86
		{815ED493-A6C3-4862-BE08-AE365283FD3C}.Ad-Hoc|x86.Deploy.0 = Release|x86
		{815ED493-A6C3-4862-BE08-AE365283FD3C}.AppStore|Any CPU.ActiveCfg = Release|Any CPU
		{815ED493-A6C3-4862-BE08-AE365283FD3C}.AppStore|Any CPU.Build.0 = Release|Any CPU
		{815ED493-A6C3-4862-BE08-AE365283FD3C}.AppStore|Any CPU.Deploy.0 = Release|Any CPU
		{815ED493-A6C3-4862-BE08-AE365283FD3C}.AppStore|ARM.ActiveCfg = Release|ARM
		{815ED493-A6C3-4862-BE08-AE365283FD3C}.AppStore|ARM.Build.0 = Release|ARM
		{815ED493-A6C3-4862-BE08-AE365283FD3C}.AppStore|ARM.Deploy.0 = Release|ARM
		{815ED493-A6C3-4862-BE08-AE365283FD3C}.AppStore|iPhone.ActiveCfg = Release|Any CPU
		{815ED493-A6C3-4862-BE08-AE365283FD3C}.AppStore|iPhone.Build.0 = Release|Any CPU
		{815ED493-A6C3-4862-BE08-AE365283FD3C}.AppStore|iPhone.Deploy.0 = Release|Any CPU
		{815ED493-A6C3-4862-BE08-AE365283FD3C}.AppStore|iPhoneSimulator.ActiveCfg = Release|Any CPU
		{815ED493-A6C3-4862-BE08-AE365283FD3C}.AppStore|iPhoneSimulator.Build.0 = Release|Any CPU
		{815ED493-A6C3-4862-BE08-AE365283FD3C}.AppStore|iPhoneSimulator.Deploy.0 = Release|Any CPU
		{815ED493-A6C3-4862-BE08-AE365283FD3C}.AppStore|x64.ActiveCfg = Release|Any CPU
		{815ED493-A6C3-4862-BE08-AE365283FD3C}.AppStore|x64.Build.0 = Release|Any CPU
		{815ED493-A6C3-4862-BE08-AE365283FD3C}.AppStore|x64.Deploy.0 = Release|Any CPU
		{815ED493-A6C3-4862-BE08-AE365283FD3C}.AppStore|x86.ActiveCfg = Release|x86
		{815ED493-A6C3-4862-BE08-AE365283FD3C}.AppStore|x86.Build.0 = Release|x86
		{815ED493-A6C3-4862-BE08-AE365283FD3C}.AppStore|x86.Deploy.0 = Release|x86
		{815ED493-A6C3-4862-BE08-AE365283FD3C}.Debug|Any CPU.ActiveCfg = Debug|Any CPU
		{815ED493-A6C3-4862-BE08-AE365283FD3C}.Debug|Any CPU.Build.0 = Debug|Any CPU
		{815ED493-A6C3-4862-BE08-AE365283FD3C}.Debug|Any CPU.Deploy.0 = Debug|Any CPU
		{815ED493-A6C3-4862-BE08-AE365283FD3C}.Debug|ARM.ActiveCfg = Debug|ARM
		{815ED493-A6C3-4862-BE08-AE365283FD3C}.Debug|ARM.Build.0 = Debug|ARM
		{815ED493-A6C3-4862-BE08-AE365283FD3C}.Debug|ARM.Deploy.0 = Debug|ARM
		{815ED493-A6C3-4862-BE08-AE365283FD3C}.Debug|iPhone.ActiveCfg = Debug|Any CPU
		{815ED493-A6C3-4862-BE08-AE365283FD3C}.Debug|iPhone.Build.0 = Debug|Any CPU
		{815ED493-A6C3-4862-BE08-AE365283FD3C}.Debug|iPhone.Deploy.0 = Debug|Any CPU
		{815ED493-A6C3-4862-BE08-AE365283FD3C}.Debug|iPhoneSimulator.ActiveCfg = Debug|Any CPU
		{815ED493-A6C3-4862-BE08-AE365283FD3C}.Debug|iPhoneSimulator.Build.0 = Debug|Any CPU
		{815ED493-A6C3-4862-BE08-AE365283FD3C}.Debug|iPhoneSimulator.Deploy.0 = Debug|Any CPU
		{815ED493-A6C3-4862-BE08-AE365283FD3C}.Debug|x64.ActiveCfg = Debug|Any CPU
		{815ED493-A6C3-4862-BE08-AE365283FD3C}.Debug|x64.Build.0 = Debug|Any CPU
		{815ED493-A6C3-4862-BE08-AE365283FD3C}.Debug|x64.Deploy.0 = Debug|Any CPU
		{815ED493-A6C3-4862-BE08-AE365283FD3C}.Debug|x86.ActiveCfg = Debug|x86
		{815ED493-A6C3-4862-BE08-AE365283FD3C}.Debug|x86.Build.0 = Debug|x86
		{815ED493-A6C3-4862-BE08-AE365283FD3C}.Debug|x86.Deploy.0 = Debug|x86
		{815ED493-A6C3-4862-BE08-AE365283FD3C}.Release|Any CPU.ActiveCfg = Release|Any CPU
		{815ED493-A6C3-4862-BE08-AE365283FD3C}.Release|Any CPU.Build.0 = Release|Any CPU
		{815ED493-A6C3-4862-BE08-AE365283FD3C}.Release|Any CPU.Deploy.0 = Release|Any CPU
		{815ED493-A6C3-4862-BE08-AE365283FD3C}.Release|ARM.ActiveCfg = Release|ARM
		{815ED493-A6C3-4862-BE08-AE365283FD3C}.Release|ARM.Build.0 = Release|ARM
		{815ED493-A6C3-4862-BE08-AE365283FD3C}.Release|ARM.Deploy.0 = Release|ARM
		{815ED493-A6C3-4862-BE08-AE365283FD3C}.Release|iPhone.ActiveCfg = Release|Any CPU
		{815ED493-A6C3-4862-BE08-AE365283FD3C}.Release|iPhone.Build.0 = Release|Any CPU
		{815ED493-A6C3-4862-BE08-AE365283FD3C}.Release|iPhone.Deploy.0 = Release|Any CPU
		{815ED493-A6C3-4862-BE08-AE365283FD3C}.Release|iPhoneSimulator.ActiveCfg = Release|Any CPU
		{815ED493-A6C3-4862-BE08-AE365283FD3C}.Release|iPhoneSimulator.Build.0 = Release|Any CPU
		{815ED493-A6C3-4862-BE08-AE365283FD3C}.Release|iPhoneSimulator.Deploy.0 = Release|Any CPU
		{815ED493-A6C3-4862-BE08-AE365283FD3C}.Release|x64.ActiveCfg = Release|Any CPU
		{815ED493-A6C3-4862-BE08-AE365283FD3C}.Release|x64.Build.0 = Release|Any CPU
		{815ED493-A6C3-4862-BE08-AE365283FD3C}.Release|x64.Deploy.0 = Release|Any CPU
		{815ED493-A6C3-4862-BE08-AE365283FD3C}.Release|x86.ActiveCfg = Release|x86
		{815ED493-A6C3-4862-BE08-AE365283FD3C}.Release|x86.Build.0 = Release|x86
		{815ED493-A6C3-4862-BE08-AE365283FD3C}.Release|x86.Deploy.0 = Release|x86
		{9C245712-5700-4C11-A0A5-7490E7039509}.Ad-Hoc|Any CPU.ActiveCfg = Release|x86
		{9C245712-5700-4C11-A0A5-7490E7039509}.Ad-Hoc|Any CPU.Build.0 = Release|x86
		{9C245712-5700-4C11-A0A5-7490E7039509}.Ad-Hoc|Any CPU.Deploy.0 = Release|x86
		{9C245712-5700-4C11-A0A5-7490E7039509}.Ad-Hoc|ARM.ActiveCfg = Release|ARM
		{9C245712-5700-4C11-A0A5-7490E7039509}.Ad-Hoc|ARM.Build.0 = Release|ARM
		{9C245712-5700-4C11-A0A5-7490E7039509}.Ad-Hoc|ARM.Deploy.0 = Release|ARM
		{9C245712-5700-4C11-A0A5-7490E7039509}.Ad-Hoc|iPhone.ActiveCfg = Release|x86
		{9C245712-5700-4C11-A0A5-7490E7039509}.Ad-Hoc|iPhone.Build.0 = Release|x86
		{9C245712-5700-4C11-A0A5-7490E7039509}.Ad-Hoc|iPhone.Deploy.0 = Release|x86
		{9C245712-5700-4C11-A0A5-7490E7039509}.Ad-Hoc|iPhoneSimulator.ActiveCfg = Release|x86
		{9C245712-5700-4C11-A0A5-7490E7039509}.Ad-Hoc|iPhoneSimulator.Build.0 = Release|x86
		{9C245712-5700-4C11-A0A5-7490E7039509}.Ad-Hoc|iPhoneSimulator.Deploy.0 = Release|x86
		{9C245712-5700-4C11-A0A5-7490E7039509}.Ad-Hoc|x64.ActiveCfg = Release|x64
		{9C245712-5700-4C11-A0A5-7490E7039509}.Ad-Hoc|x64.Build.0 = Release|x64
		{9C245712-5700-4C11-A0A5-7490E7039509}.Ad-Hoc|x64.Deploy.0 = Release|x64
		{9C245712-5700-4C11-A0A5-7490E7039509}.Ad-Hoc|x86.ActiveCfg = Release|x86
		{9C245712-5700-4C11-A0A5-7490E7039509}.Ad-Hoc|x86.Build.0 = Release|x86
		{9C245712-5700-4C11-A0A5-7490E7039509}.Ad-Hoc|x86.Deploy.0 = Release|x86
		{9C245712-5700-4C11-A0A5-7490E7039509}.AppStore|Any CPU.ActiveCfg = Release|x86
		{9C245712-5700-4C11-A0A5-7490E7039509}.AppStore|Any CPU.Build.0 = Release|x86
		{9C245712-5700-4C11-A0A5-7490E7039509}.AppStore|Any CPU.Deploy.0 = Release|x86
		{9C245712-5700-4C11-A0A5-7490E7039509}.AppStore|ARM.ActiveCfg = Release|ARM
		{9C245712-5700-4C11-A0A5-7490E7039509}.AppStore|ARM.Build.0 = Release|ARM
		{9C245712-5700-4C11-A0A5-7490E7039509}.AppStore|ARM.Deploy.0 = Release|ARM
		{9C245712-5700-4C11-A0A5-7490E7039509}.AppStore|iPhone.ActiveCfg = Release|x86
		{9C245712-5700-4C11-A0A5-7490E7039509}.AppStore|iPhone.Build.0 = Release|x86
		{9C245712-5700-4C11-A0A5-7490E7039509}.AppStore|iPhone.Deploy.0 = Release|x86
		{9C245712-5700-4C11-A0A5-7490E7039509}.AppStore|iPhoneSimulator.ActiveCfg = Release|x86
		{9C245712-5700-4C11-A0A5-7490E7039509}.AppStore|iPhoneSimulator.Build.0 = Release|x86
		{9C245712-5700-4C11-A0A5-7490E7039509}.AppStore|iPhoneSimulator.Deploy.0 = Release|x86
		{9C245712-5700-4C11-A0A5-7490E7039509}.AppStore|x64.ActiveCfg = Release|x64
		{9C245712-5700-4C11-A0A5-7490E7039509}.AppStore|x64.Build.0 = Release|x64
		{9C245712-5700-4C11-A0A5-7490E7039509}.AppStore|x64.Deploy.0 = Release|x64
		{9C245712-5700-4C11-A0A5-7490E7039509}.AppStore|x86.ActiveCfg = Release|x86
		{9C245712-5700-4C11-A0A5-7490E7039509}.AppStore|x86.Build.0 = Release|x86
		{9C245712-5700-4C11-A0A5-7490E7039509}.AppStore|x86.Deploy.0 = Release|x86
		{9C245712-5700-4C11-A0A5-7490E7039509}.Debug|Any CPU.ActiveCfg = Debug|x86
		{9C245712-5700-4C11-A0A5-7490E7039509}.Debug|ARM.ActiveCfg = Debug|ARM
		{9C245712-5700-4C11-A0A5-7490E7039509}.Debug|ARM.Build.0 = Debug|ARM
		{9C245712-5700-4C11-A0A5-7490E7039509}.Debug|ARM.Deploy.0 = Debug|ARM
		{9C245712-5700-4C11-A0A5-7490E7039509}.Debug|iPhone.ActiveCfg = Debug|x86
		{9C245712-5700-4C11-A0A5-7490E7039509}.Debug|iPhoneSimulator.ActiveCfg = Debug|x86
		{9C245712-5700-4C11-A0A5-7490E7039509}.Debug|x64.ActiveCfg = Debug|x64
		{9C245712-5700-4C11-A0A5-7490E7039509}.Debug|x64.Build.0 = Debug|x64
		{9C245712-5700-4C11-A0A5-7490E7039509}.Debug|x64.Deploy.0 = Debug|x64
		{9C245712-5700-4C11-A0A5-7490E7039509}.Debug|x86.ActiveCfg = Debug|x86
		{9C245712-5700-4C11-A0A5-7490E7039509}.Debug|x86.Build.0 = Debug|x86
		{9C245712-5700-4C11-A0A5-7490E7039509}.Debug|x86.Deploy.0 = Debug|x86
		{9C245712-5700-4C11-A0A5-7490E7039509}.Release|Any CPU.ActiveCfg = Release|x86
		{9C245712-5700-4C11-A0A5-7490E7039509}.Release|ARM.ActiveCfg = Release|ARM
		{9C245712-5700-4C11-A0A5-7490E7039509}.Release|ARM.Build.0 = Release|ARM
		{9C245712-5700-4C11-A0A5-7490E7039509}.Release|ARM.Deploy.0 = Release|ARM
		{9C245712-5700-4C11-A0A5-7490E7039509}.Release|iPhone.ActiveCfg = Release|x86
		{9C245712-5700-4C11-A0A5-7490E7039509}.Release|iPhoneSimulator.ActiveCfg = Release|x86
		{9C245712-5700-4C11-A0A5-7490E7039509}.Release|x64.ActiveCfg = Release|x64
		{9C245712-5700-4C11-A0A5-7490E7039509}.Release|x64.Build.0 = Release|x64
		{9C245712-5700-4C11-A0A5-7490E7039509}.Release|x64.Deploy.0 = Release|x64
		{9C245712-5700-4C11-A0A5-7490E7039509}.Release|x86.ActiveCfg = Release|x86
		{9C245712-5700-4C11-A0A5-7490E7039509}.Release|x86.Build.0 = Release|x86
		{9C245712-5700-4C11-A0A5-7490E7039509}.Release|x86.Deploy.0 = Release|x86
		{E3C1F19E-F3FD-4B13-B1EF-8BBE07568EEC}.Ad-Hoc|Any CPU.ActiveCfg = Release|Any CPU
		{E3C1F19E-F3FD-4B13-B1EF-8BBE07568EEC}.Ad-Hoc|Any CPU.Build.0 = Release|Any CPU
		{E3C1F19E-F3FD-4B13-B1EF-8BBE07568EEC}.Ad-Hoc|Any CPU.Deploy.0 = Release|Any CPU
		{E3C1F19E-F3FD-4B13-B1EF-8BBE07568EEC}.Ad-Hoc|ARM.ActiveCfg = Release|ARM
		{E3C1F19E-F3FD-4B13-B1EF-8BBE07568EEC}.Ad-Hoc|ARM.Build.0 = Release|ARM
		{E3C1F19E-F3FD-4B13-B1EF-8BBE07568EEC}.Ad-Hoc|ARM.Deploy.0 = Release|ARM
		{E3C1F19E-F3FD-4B13-B1EF-8BBE07568EEC}.Ad-Hoc|iPhone.ActiveCfg = Release|Any CPU
		{E3C1F19E-F3FD-4B13-B1EF-8BBE07568EEC}.Ad-Hoc|iPhone.Build.0 = Release|Any CPU
		{E3C1F19E-F3FD-4B13-B1EF-8BBE07568EEC}.Ad-Hoc|iPhone.Deploy.0 = Release|Any CPU
		{E3C1F19E-F3FD-4B13-B1EF-8BBE07568EEC}.Ad-Hoc|iPhoneSimulator.ActiveCfg = Release|Any CPU
		{E3C1F19E-F3FD-4B13-B1EF-8BBE07568EEC}.Ad-Hoc|iPhoneSimulator.Build.0 = Release|Any CPU
		{E3C1F19E-F3FD-4B13-B1EF-8BBE07568EEC}.Ad-Hoc|iPhoneSimulator.Deploy.0 = Release|Any CPU
		{E3C1F19E-F3FD-4B13-B1EF-8BBE07568EEC}.Ad-Hoc|x64.ActiveCfg = Release|x64
		{E3C1F19E-F3FD-4B13-B1EF-8BBE07568EEC}.Ad-Hoc|x64.Build.0 = Release|x64
		{E3C1F19E-F3FD-4B13-B1EF-8BBE07568EEC}.Ad-Hoc|x64.Deploy.0 = Release|x64
		{E3C1F19E-F3FD-4B13-B1EF-8BBE07568EEC}.Ad-Hoc|x86.ActiveCfg = Release|x86
		{E3C1F19E-F3FD-4B13-B1EF-8BBE07568EEC}.Ad-Hoc|x86.Build.0 = Release|x86
		{E3C1F19E-F3FD-4B13-B1EF-8BBE07568EEC}.Ad-Hoc|x86.Deploy.0 = Release|x86
		{E3C1F19E-F3FD-4B13-B1EF-8BBE07568EEC}.AppStore|Any CPU.ActiveCfg = Release|Any CPU
		{E3C1F19E-F3FD-4B13-B1EF-8BBE07568EEC}.AppStore|Any CPU.Build.0 = Release|Any CPU
		{E3C1F19E-F3FD-4B13-B1EF-8BBE07568EEC}.AppStore|Any CPU.Deploy.0 = Release|Any CPU
		{E3C1F19E-F3FD-4B13-B1EF-8BBE07568EEC}.AppStore|ARM.ActiveCfg = Release|ARM
		{E3C1F19E-F3FD-4B13-B1EF-8BBE07568EEC}.AppStore|ARM.Build.0 = Release|ARM
		{E3C1F19E-F3FD-4B13-B1EF-8BBE07568EEC}.AppStore|ARM.Deploy.0 = Release|ARM
		{E3C1F19E-F3FD-4B13-B1EF-8BBE07568EEC}.AppStore|iPhone.ActiveCfg = Release|Any CPU
		{E3C1F19E-F3FD-4B13-B1EF-8BBE07568EEC}.AppStore|iPhone.Build.0 = Release|Any CPU
		{E3C1F19E-F3FD-4B13-B1EF-8BBE07568EEC}.AppStore|iPhone.Deploy.0 = Release|Any CPU
		{E3C1F19E-F3FD-4B13-B1EF-8BBE07568EEC}.AppStore|iPhoneSimulator.ActiveCfg = Release|Any CPU
		{E3C1F19E-F3FD-4B13-B1EF-8BBE07568EEC}.AppStore|iPhoneSimulator.Build.0 = Release|Any CPU
		{E3C1F19E-F3FD-4B13-B1EF-8BBE07568EEC}.AppStore|iPhoneSimulator.Deploy.0 = Release|Any CPU
		{E3C1F19E-F3FD-4B13-B1EF-8BBE07568EEC}.AppStore|x64.ActiveCfg = Release|x64
		{E3C1F19E-F3FD-4B13-B1EF-8BBE07568EEC}.AppStore|x64.Build.0 = Release|x64
		{E3C1F19E-F3FD-4B13-B1EF-8BBE07568EEC}.AppStore|x64.Deploy.0 = Release|x64
		{E3C1F19E-F3FD-4B13-B1EF-8BBE07568EEC}.AppStore|x86.ActiveCfg = Release|x86
		{E3C1F19E-F3FD-4B13-B1EF-8BBE07568EEC}.AppStore|x86.Build.0 = Release|x86
		{E3C1F19E-F3FD-4B13-B1EF-8BBE07568EEC}.AppStore|x86.Deploy.0 = Release|x86
		{E3C1F19E-F3FD-4B13-B1EF-8BBE07568EEC}.Debug|Any CPU.ActiveCfg = Debug|Any CPU
		{E3C1F19E-F3FD-4B13-B1EF-8BBE07568EEC}.Debug|Any CPU.Build.0 = Debug|Any CPU
		{E3C1F19E-F3FD-4B13-B1EF-8BBE07568EEC}.Debug|Any CPU.Deploy.0 = Debug|Any CPU
		{E3C1F19E-F3FD-4B13-B1EF-8BBE07568EEC}.Debug|ARM.ActiveCfg = Debug|ARM
		{E3C1F19E-F3FD-4B13-B1EF-8BBE07568EEC}.Debug|ARM.Build.0 = Debug|ARM
		{E3C1F19E-F3FD-4B13-B1EF-8BBE07568EEC}.Debug|ARM.Deploy.0 = Debug|ARM
		{E3C1F19E-F3FD-4B13-B1EF-8BBE07568EEC}.Debug|iPhone.ActiveCfg = Debug|Any CPU
		{E3C1F19E-F3FD-4B13-B1EF-8BBE07568EEC}.Debug|iPhone.Build.0 = Debug|Any CPU
		{E3C1F19E-F3FD-4B13-B1EF-8BBE07568EEC}.Debug|iPhone.Deploy.0 = Debug|Any CPU
		{E3C1F19E-F3FD-4B13-B1EF-8BBE07568EEC}.Debug|iPhoneSimulator.ActiveCfg = Debug|Any CPU
		{E3C1F19E-F3FD-4B13-B1EF-8BBE07568EEC}.Debug|iPhoneSimulator.Build.0 = Debug|Any CPU
		{E3C1F19E-F3FD-4B13-B1EF-8BBE07568EEC}.Debug|iPhoneSimulator.Deploy.0 = Debug|Any CPU
		{E3C1F19E-F3FD-4B13-B1EF-8BBE07568EEC}.Debug|x64.ActiveCfg = Debug|x64
		{E3C1F19E-F3FD-4B13-B1EF-8BBE07568EEC}.Debug|x64.Build.0 = Debug|x64
		{E3C1F19E-F3FD-4B13-B1EF-8BBE07568EEC}.Debug|x64.Deploy.0 = Debug|x64
		{E3C1F19E-F3FD-4B13-B1EF-8BBE07568EEC}.Debug|x86.ActiveCfg = Debug|x86
		{E3C1F19E-F3FD-4B13-B1EF-8BBE07568EEC}.Debug|x86.Build.0 = Debug|x86
		{E3C1F19E-F3FD-4B13-B1EF-8BBE07568EEC}.Debug|x86.Deploy.0 = Debug|x86
		{E3C1F19E-F3FD-4B13-B1EF-8BBE07568EEC}.Release|Any CPU.ActiveCfg = Release|Any CPU
		{E3C1F19E-F3FD-4B13-B1EF-8BBE07568EEC}.Release|Any CPU.Build.0 = Release|Any CPU
		{E3C1F19E-F3FD-4B13-B1EF-8BBE07568EEC}.Release|Any CPU.Deploy.0 = Release|Any CPU
		{E3C1F19E-F3FD-4B13-B1EF-8BBE07568EEC}.Release|ARM.ActiveCfg = Release|ARM
		{E3C1F19E-F3FD-4B13-B1EF-8BBE07568EEC}.Release|ARM.Build.0 = Release|ARM
		{E3C1F19E-F3FD-4B13-B1EF-8BBE07568EEC}.Release|ARM.Deploy.0 = Release|ARM
		{E3C1F19E-F3FD-4B13-B1EF-8BBE07568EEC}.Release|iPhone.ActiveCfg = Release|Any CPU
		{E3C1F19E-F3FD-4B13-B1EF-8BBE07568EEC}.Release|iPhone.Build.0 = Release|Any CPU
		{E3C1F19E-F3FD-4B13-B1EF-8BBE07568EEC}.Release|iPhone.Deploy.0 = Release|Any CPU
		{E3C1F19E-F3FD-4B13-B1EF-8BBE07568EEC}.Release|iPhoneSimulator.ActiveCfg = Release|Any CPU
		{E3C1F19E-F3FD-4B13-B1EF-8BBE07568EEC}.Release|iPhoneSimulator.Build.0 = Release|Any CPU
		{E3C1F19E-F3FD-4B13-B1EF-8BBE07568EEC}.Release|iPhoneSimulator.Deploy.0 = Release|Any CPU
		{E3C1F19E-F3FD-4B13-B1EF-8BBE07568EEC}.Release|x64.ActiveCfg = Release|x64
		{E3C1F19E-F3FD-4B13-B1EF-8BBE07568EEC}.Release|x64.Build.0 = Release|x64
		{E3C1F19E-F3FD-4B13-B1EF-8BBE07568EEC}.Release|x64.Deploy.0 = Release|x64
		{E3C1F19E-F3FD-4B13-B1EF-8BBE07568EEC}.Release|x86.ActiveCfg = Release|x86
		{E3C1F19E-F3FD-4B13-B1EF-8BBE07568EEC}.Release|x86.Build.0 = Release|x86
		{E3C1F19E-F3FD-4B13-B1EF-8BBE07568EEC}.Release|x86.Deploy.0 = Release|x86
		{187218BF-FCF2-418B-B5C5-5F0ECC8F150C}.Ad-Hoc|Any CPU.ActiveCfg = Release|Any CPU
		{187218BF-FCF2-418B-B5C5-5F0ECC8F150C}.Ad-Hoc|Any CPU.Build.0 = Release|Any CPU
		{187218BF-FCF2-418B-B5C5-5F0ECC8F150C}.Ad-Hoc|ARM.ActiveCfg = Release|Any CPU
		{187218BF-FCF2-418B-B5C5-5F0ECC8F150C}.Ad-Hoc|ARM.Build.0 = Release|Any CPU
		{187218BF-FCF2-418B-B5C5-5F0ECC8F150C}.Ad-Hoc|iPhone.ActiveCfg = Release|Any CPU
		{187218BF-FCF2-418B-B5C5-5F0ECC8F150C}.Ad-Hoc|iPhone.Build.0 = Release|Any CPU
		{187218BF-FCF2-418B-B5C5-5F0ECC8F150C}.Ad-Hoc|iPhoneSimulator.ActiveCfg = Release|Any CPU
		{187218BF-FCF2-418B-B5C5-5F0ECC8F150C}.Ad-Hoc|iPhoneSimulator.Build.0 = Release|Any CPU
		{187218BF-FCF2-418B-B5C5-5F0ECC8F150C}.Ad-Hoc|x64.ActiveCfg = Release|Any CPU
		{187218BF-FCF2-418B-B5C5-5F0ECC8F150C}.Ad-Hoc|x64.Build.0 = Release|Any CPU
		{187218BF-FCF2-418B-B5C5-5F0ECC8F150C}.Ad-Hoc|x86.ActiveCfg = Release|Any CPU
		{187218BF-FCF2-418B-B5C5-5F0ECC8F150C}.Ad-Hoc|x86.Build.0 = Release|Any CPU
		{187218BF-FCF2-418B-B5C5-5F0ECC8F150C}.AppStore|Any CPU.ActiveCfg = Release|Any CPU
		{187218BF-FCF2-418B-B5C5-5F0ECC8F150C}.AppStore|Any CPU.Build.0 = Release|Any CPU
		{187218BF-FCF2-418B-B5C5-5F0ECC8F150C}.AppStore|ARM.ActiveCfg = Release|Any CPU
		{187218BF-FCF2-418B-B5C5-5F0ECC8F150C}.AppStore|ARM.Build.0 = Release|Any CPU
		{187218BF-FCF2-418B-B5C5-5F0ECC8F150C}.AppStore|iPhone.ActiveCfg = Release|Any CPU
		{187218BF-FCF2-418B-B5C5-5F0ECC8F150C}.AppStore|iPhone.Build.0 = Release|Any CPU
		{187218BF-FCF2-418B-B5C5-5F0ECC8F150C}.AppStore|iPhoneSimulator.ActiveCfg = Release|Any CPU
		{187218BF-FCF2-418B-B5C5-5F0ECC8F150C}.AppStore|iPhoneSimulator.Build.0 = Release|Any CPU
		{187218BF-FCF2-418B-B5C5-5F0ECC8F150C}.AppStore|x64.ActiveCfg = Release|Any CPU
		{187218BF-FCF2-418B-B5C5-5F0ECC8F150C}.AppStore|x64.Build.0 = Release|Any CPU
		{187218BF-FCF2-418B-B5C5-5F0ECC8F150C}.AppStore|x86.ActiveCfg = Release|Any CPU
		{187218BF-FCF2-418B-B5C5-5F0ECC8F150C}.AppStore|x86.Build.0 = Release|Any CPU
		{187218BF-FCF2-418B-B5C5-5F0ECC8F150C}.Debug|Any CPU.ActiveCfg = Debug|Any CPU
		{187218BF-FCF2-418B-B5C5-5F0ECC8F150C}.Debug|Any CPU.Build.0 = Debug|Any CPU
		{187218BF-FCF2-418B-B5C5-5F0ECC8F150C}.Debug|ARM.ActiveCfg = Debug|Any CPU
		{187218BF-FCF2-418B-B5C5-5F0ECC8F150C}.Debug|ARM.Build.0 = Debug|Any CPU
		{187218BF-FCF2-418B-B5C5-5F0ECC8F150C}.Debug|iPhone.ActiveCfg = Debug|Any CPU
		{187218BF-FCF2-418B-B5C5-5F0ECC8F150C}.Debug|iPhone.Build.0 = Debug|Any CPU
		{187218BF-FCF2-418B-B5C5-5F0ECC8F150C}.Debug|iPhoneSimulator.ActiveCfg = Debug|Any CPU
		{187218BF-FCF2-418B-B5C5-5F0ECC8F150C}.Debug|iPhoneSimulator.Build.0 = Debug|Any CPU
		{187218BF-FCF2-418B-B5C5-5F0ECC8F150C}.Debug|x64.ActiveCfg = Debug|Any CPU
		{187218BF-FCF2-418B-B5C5-5F0ECC8F150C}.Debug|x64.Build.0 = Debug|Any CPU
		{187218BF-FCF2-418B-B5C5-5F0ECC8F150C}.Debug|x86.ActiveCfg = Debug|Any CPU
		{187218BF-FCF2-418B-B5C5-5F0ECC8F150C}.Debug|x86.Build.0 = Debug|Any CPU
		{187218BF-FCF2-418B-B5C5-5F0ECC8F150C}.Release|Any CPU.ActiveCfg = Release|Any CPU
		{187218BF-FCF2-418B-B5C5-5F0ECC8F150C}.Release|Any CPU.Build.0 = Release|Any CPU
		{187218BF-FCF2-418B-B5C5-5F0ECC8F150C}.Release|ARM.ActiveCfg = Release|Any CPU
		{187218BF-FCF2-418B-B5C5-5F0ECC8F150C}.Release|ARM.Build.0 = Release|Any CPU
		{187218BF-FCF2-418B-B5C5-5F0ECC8F150C}.Release|iPhone.ActiveCfg = Release|Any CPU
		{187218BF-FCF2-418B-B5C5-5F0ECC8F150C}.Release|iPhone.Build.0 = Release|Any CPU
		{187218BF-FCF2-418B-B5C5-5F0ECC8F150C}.Release|iPhoneSimulator.ActiveCfg = Release|Any CPU
		{187218BF-FCF2-418B-B5C5-5F0ECC8F150C}.Release|iPhoneSimulator.Build.0 = Release|Any CPU
		{187218BF-FCF2-418B-B5C5-5F0ECC8F150C}.Release|x64.ActiveCfg = Release|Any CPU
		{187218BF-FCF2-418B-B5C5-5F0ECC8F150C}.Release|x64.Build.0 = Release|Any CPU
		{187218BF-FCF2-418B-B5C5-5F0ECC8F150C}.Release|x86.ActiveCfg = Release|Any CPU
		{187218BF-FCF2-418B-B5C5-5F0ECC8F150C}.Release|x86.Build.0 = Release|Any CPU
	EndGlobalSection
	GlobalSection(SolutionProperties) = preSolution
		HideSolutionNode = FALSE
	EndGlobalSection
EndGlobal
